
Microsoft Visual Studio Solution File, Format Version 12.00
Project("{FAE04EC0-301F-11D3-BF4B-00C04F79EFBC}") = "BlackJack.Server", "BlackJack.Server\BlackJack.Server.csproj", "{373CAD52-D091-4932-8650-C72B1575245E}"
EndProject
Project("{FAE04EC0-301F-11D3-BF4B-00C04F79EFBC}") = "BlackJack.Common", "BlackJack.Common\BlackJack.Common.csproj", "{C1349AE8-F232-4243-ADAD-76E01C2EBE33}"
EndProject
Global
	GlobalSection(SolutionConfigurationPlatforms) = preSolution
		Debug|Any CPU = Debug|Any CPU
		Release|Any CPU = Release|Any CPU
	EndGlobalSection
	GlobalSection(ProjectConfigurationPlatforms) = postSolution
		{373CAD52-D091-4932-8650-C72B1575245E}.Debug|Any CPU.ActiveCfg = Debug|Any CPU
		{373CAD52-D091-4932-8650-C72B1575245E}.Debug|Any CPU.Build.0 = Debug|Any CPU
		{373CAD52-D091-4932-8650-C72B1575245E}.Release|Any CPU.ActiveCfg = Release|Any CPU
		{373CAD52-D091-4932-8650-C72B1575245E}.Release|Any CPU.Build.0 = Release|Any CPU
		{C1349AE8-F232-4243-ADAD-76E01C2EBE33}.Debug|Any CPU.ActiveCfg = Debug|Any CPU
		{C1349AE8-F232-4243-ADAD-76E01C2EBE33}.Debug|Any CPU.Build.0 = Debug|Any CPU
		{C1349AE8-F232-4243-ADAD-76E01C2EBE33}.Release|Any CPU.ActiveCfg = Release|Any CPU
		{C1349AE8-F232-4243-ADAD-76E01C2EBE33}.Release|Any CPU.Build.0 = Release|Any CPU
	EndGlobalSection
EndGlobal
